
Microsoft Visual Studio Solution File, Format Version 12.00
Project("{FAE04EC0-301F-11D3-BF4B-00C04F79EFBC}") = "Yandex.Disk.Api.Client", "Yandex.Disk.Api.Client\Yandex.Disk.Api.Client.csproj", "{E792386D-C592-46A2-A20B-CF9A8E356136}"
EndProject
Global
	GlobalSection(SolutionConfigurationPlatforms) = preSolution
		Debug|Any CPU = Debug|Any CPU
		Release|Any CPU = Release|Any CPU
	EndGlobalSection
	GlobalSection(ProjectConfigurationPlatforms) = postSolution
		{E792386D-C592-46A2-A20B-CF9A8E356136}.Debug|Any CPU.ActiveCfg = Debug|Any CPU
		{E792386D-C592-46A2-A20B-CF9A8E356136}.Debug|Any CPU.Build.0 = Debug|Any CPU
		{E792386D-C592-46A2-A20B-CF9A8E356136}.Release|Any CPU.ActiveCfg = Release|Any CPU
		{E792386D-C592-46A2-A20B-CF9A8E356136}.Release|Any CPU.Build.0 = Release|Any CPU
	EndGlobalSection
EndGlobal
